// !$*UTF8*$!
{
	archiveVersion = 1;
	classes = {
	};
	objectVersion = 50;
	objects = {

/* Begin PBXBuildFile section */
		960F6836251FBB7B007822AD /* MainViewController.swift in Sources */ = {isa = PBXBuildFile; fileRef = 960F6835251FBB7B007822AD /* MainViewController.swift */; };
		96EE440525202A220040F4F8 /* RegisterView.swift in Sources */ = {isa = PBXBuildFile; fileRef = 96EE440425202A220040F4F8 /* RegisterView.swift */; };
		D8F05873251FB3BA005CEB92 /* AppDelegate.swift in Sources */ = {isa = PBXBuildFile; fileRef = D8F05872251FB3BA005CEB92 /* AppDelegate.swift */; };
		D8F05875251FB3BA005CEB92 /* SceneDelegate.swift in Sources */ = {isa = PBXBuildFile; fileRef = D8F05874251FB3BA005CEB92 /* SceneDelegate.swift */; };
		D8F05879251FB3BB005CEB92 /* Assets.xcassets in Resources */ = {isa = PBXBuildFile; fileRef = D8F05878251FB3BB005CEB92 /* Assets.xcassets */; };
		D8F0587C251FB3BB005CEB92 /* Preview Assets.xcassets in Resources */ = {isa = PBXBuildFile; fileRef = D8F0587B251FB3BB005CEB92 /* Preview Assets.xcassets */; };
		D8F0587F251FB3BB005CEB92 /* LaunchScreen.storyboard in Resources */ = {isa = PBXBuildFile; fileRef = D8F0587D251FB3BB005CEB92 /* LaunchScreen.storyboard */; };
		D8F0588A251FB3BB005CEB92 /* BCSPCAProjectTests.swift in Sources */ = {isa = PBXBuildFile; fileRef = D8F05889251FB3BB005CEB92 /* BCSPCAProjectTests.swift */; };
		D8F05895251FB3BB005CEB92 /* BCSPCAProjectUITests.swift in Sources */ = {isa = PBXBuildFile; fileRef = D8F05894251FB3BB005CEB92 /* BCSPCAProjectUITests.swift */; };
		D8F058A7251FC22E005CEB92 /* HomeView.swift in Sources */ = {isa = PBXBuildFile; fileRef = D8F058A6251FC22E005CEB92 /* HomeView.swift */; };
		D8F058A9251FDDD3005CEB92 /* Tabs.swift in Sources */ = {isa = PBXBuildFile; fileRef = D8F058A8251FDDD3005CEB92 /* Tabs.swift */; };
/* End PBXBuildFile section */

/* Begin PBXContainerItemProxy section */
		D8F05886251FB3BB005CEB92 /* PBXContainerItemProxy */ = {
			isa = PBXContainerItemProxy;
			containerPortal = D8F05867251FB3BA005CEB92 /* Project object */;
			proxyType = 1;
			remoteGlobalIDString = D8F0586E251FB3BA005CEB92;
			remoteInfo = BCSPCAProject;
		};
		D8F05891251FB3BB005CEB92 /* PBXContainerItemProxy */ = {
			isa = PBXContainerItemProxy;
			containerPortal = D8F05867251FB3BA005CEB92 /* Project object */;
			proxyType = 1;
			remoteGlobalIDString = D8F0586E251FB3BA005CEB92;
			remoteInfo = BCSPCAProject;
		};
/* End PBXContainerItemProxy section */

/* Begin PBXFileReference section */
		960F6835251FBB7B007822AD /* MainViewController.swift */ = {isa = PBXFileReference; fileEncoding = 4; lastKnownFileType = sourcecode.swift; path = MainViewController.swift; sourceTree = "<group>"; };
		96EE440425202A220040F4F8 /* RegisterView.swift */ = {isa = PBXFileReference; lastKnownFileType = sourcecode.swift; path = RegisterView.swift; sourceTree = "<group>"; };
		D8F0586F251FB3BA005CEB92 /* BCSPCAProject.app */ = {isa = PBXFileReference; explicitFileType = wrapper.application; includeInIndex = 0; path = BCSPCAProject.app; sourceTree = BUILT_PRODUCTS_DIR; };
		D8F05872251FB3BA005CEB92 /* AppDelegate.swift */ = {isa = PBXFileReference; lastKnownFileType = sourcecode.swift; path = AppDelegate.swift; sourceTree = "<group>"; };
		D8F05874251FB3BA005CEB92 /* SceneDelegate.swift */ = {isa = PBXFileReference; lastKnownFileType = sourcecode.swift; path = SceneDelegate.swift; sourceTree = "<group>"; };
		D8F05878251FB3BB005CEB92 /* Assets.xcassets */ = {isa = PBXFileReference; lastKnownFileType = folder.assetcatalog; path = Assets.xcassets; sourceTree = "<group>"; };
		D8F0587B251FB3BB005CEB92 /* Preview Assets.xcassets */ = {isa = PBXFileReference; lastKnownFileType = folder.assetcatalog; path = "Preview Assets.xcassets"; sourceTree = "<group>"; };
		D8F0587E251FB3BB005CEB92 /* Base */ = {isa = PBXFileReference; lastKnownFileType = file.storyboard; name = Base; path = Base.lproj/LaunchScreen.storyboard; sourceTree = "<group>"; };
		D8F05880251FB3BB005CEB92 /* Info.plist */ = {isa = PBXFileReference; lastKnownFileType = text.plist.xml; path = Info.plist; sourceTree = "<group>"; };
		D8F05885251FB3BB005CEB92 /* BCSPCAProjectTests.xctest */ = {isa = PBXFileReference; explicitFileType = wrapper.cfbundle; includeInIndex = 0; path = BCSPCAProjectTests.xctest; sourceTree = BUILT_PRODUCTS_DIR; };
		D8F05889251FB3BB005CEB92 /* BCSPCAProjectTests.swift */ = {isa = PBXFileReference; lastKnownFileType = sourcecode.swift; path = BCSPCAProjectTests.swift; sourceTree = "<group>"; };
		D8F0588B251FB3BB005CEB92 /* Info.plist */ = {isa = PBXFileReference; lastKnownFileType = text.plist.xml; path = Info.plist; sourceTree = "<group>"; };
		D8F05890251FB3BB005CEB92 /* BCSPCAProjectUITests.xctest */ = {isa = PBXFileReference; explicitFileType = wrapper.cfbundle; includeInIndex = 0; path = BCSPCAProjectUITests.xctest; sourceTree = BUILT_PRODUCTS_DIR; };
		D8F05894251FB3BB005CEB92 /* BCSPCAProjectUITests.swift */ = {isa = PBXFileReference; lastKnownFileType = sourcecode.swift; path = BCSPCAProjectUITests.swift; sourceTree = "<group>"; };
		D8F05896251FB3BB005CEB92 /* Info.plist */ = {isa = PBXFileReference; lastKnownFileType = text.plist.xml; path = Info.plist; sourceTree = "<group>"; };
		D8F058A6251FC22E005CEB92 /* HomeView.swift */ = {isa = PBXFileReference; lastKnownFileType = sourcecode.swift; path = HomeView.swift; sourceTree = "<group>"; };
		D8F058A8251FDDD3005CEB92 /* Tabs.swift */ = {isa = PBXFileReference; lastKnownFileType = sourcecode.swift; path = Tabs.swift; sourceTree = "<group>"; };
/* End PBXFileReference section */

/* Begin PBXFrameworksBuildPhase section */
		D8F0586C251FB3BA005CEB92 /* Frameworks */ = {
			isa = PBXFrameworksBuildPhase;
			buildActionMask = 2147483647;
			files = (
			);
			runOnlyForDeploymentPostprocessing = 0;
		};
		D8F05882251FB3BB005CEB92 /* Frameworks */ = {
			isa = PBXFrameworksBuildPhase;
			buildActionMask = 2147483647;
			files = (
			);
			runOnlyForDeploymentPostprocessing = 0;
		};
		D8F0588D251FB3BB005CEB92 /* Frameworks */ = {
			isa = PBXFrameworksBuildPhase;
			buildActionMask = 2147483647;
			files = (
			);
			runOnlyForDeploymentPostprocessing = 0;
		};
/* End PBXFrameworksBuildPhase section */

/* Begin PBXGroup section */
		D8F05866251FB3BA005CEB92 = {
			isa = PBXGroup;
			children = (
				D8F05871251FB3BA005CEB92 /* BCSPCAProject */,
				D8F05888251FB3BB005CEB92 /* BCSPCAProjectTests */,
				D8F05893251FB3BB005CEB92 /* BCSPCAProjectUITests */,
				D8F05870251FB3BA005CEB92 /* Products */,
			);
			sourceTree = "<group>";
		};
		D8F05870251FB3BA005CEB92 /* Products */ = {
			isa = PBXGroup;
			children = (
				D8F0586F251FB3BA005CEB92 /* BCSPCAProject.app */,
				D8F05885251FB3BB005CEB92 /* BCSPCAProjectTests.xctest */,
				D8F05890251FB3BB005CEB92 /* BCSPCAProjectUITests.xctest */,
			);
			name = Products;
			sourceTree = "<group>";
		};
		D8F05871251FB3BA005CEB92 /* BCSPCAProject */ = {
			isa = PBXGroup;
			children = (
				D8F05872251FB3BA005CEB92 /* AppDelegate.swift */,
				D8F05874251FB3BA005CEB92 /* SceneDelegate.swift */,
				960F6835251FBB7B007822AD /* MainViewController.swift */,
				D8F05878251FB3BB005CEB92 /* Assets.xcassets */,
				D8F0587D251FB3BB005CEB92 /* LaunchScreen.storyboard */,
				D8F05880251FB3BB005CEB92 /* Info.plist */,
				D8F0587A251FB3BB005CEB92 /* Preview Content */,
				D8F058A6251FC22E005CEB92 /* HomeView.swift */,
				D8F058A8251FDDD3005CEB92 /* Tabs.swift */,
				96EE440425202A220040F4F8 /* RegisterView.swift */,
			);
			path = BCSPCAProject;
			sourceTree = "<group>";
		};
		D8F0587A251FB3BB005CEB92 /* Preview Content */ = {
			isa = PBXGroup;
			children = (
				D8F0587B251FB3BB005CEB92 /* Preview Assets.xcassets */,
			);
			path = "Preview Content";
			sourceTree = "<group>";
		};
		D8F05888251FB3BB005CEB92 /* BCSPCAProjectTests */ = {
			isa = PBXGroup;
			children = (
				D8F05889251FB3BB005CEB92 /* BCSPCAProjectTests.swift */,
				D8F0588B251FB3BB005CEB92 /* Info.plist */,
			);
			path = BCSPCAProjectTests;
			sourceTree = "<group>";
		};
		D8F05893251FB3BB005CEB92 /* BCSPCAProjectUITests */ = {
			isa = PBXGroup;
			children = (
				D8F05894251FB3BB005CEB92 /* BCSPCAProjectUITests.swift */,
				D8F05896251FB3BB005CEB92 /* Info.plist */,
			);
			path = BCSPCAProjectUITests;
			sourceTree = "<group>";
		};
/* End PBXGroup section */

/* Begin PBXNativeTarget section */
		D8F0586E251FB3BA005CEB92 /* BCSPCAProject */ = {
			isa = PBXNativeTarget;
			buildConfigurationList = D8F05899251FB3BB005CEB92 /* Build configuration list for PBXNativeTarget "BCSPCAProject" */;
			buildPhases = (
				D8F0586B251FB3BA005CEB92 /* Sources */,
				D8F0586C251FB3BA005CEB92 /* Frameworks */,
				D8F0586D251FB3BA005CEB92 /* Resources */,
			);
			buildRules = (
			);
			dependencies = (
			);
			name = BCSPCAProject;
			productName = BCSPCAProject;
			productReference = D8F0586F251FB3BA005CEB92 /* BCSPCAProject.app */;
			productType = "com.apple.product-type.application";
		};
		D8F05884251FB3BB005CEB92 /* BCSPCAProjectTests */ = {
			isa = PBXNativeTarget;
			buildConfigurationList = D8F0589C251FB3BB005CEB92 /* Build configuration list for PBXNativeTarget "BCSPCAProjectTests" */;
			buildPhases = (
				D8F05881251FB3BB005CEB92 /* Sources */,
				D8F05882251FB3BB005CEB92 /* Frameworks */,
				D8F05883251FB3BB005CEB92 /* Resources */,
			);
			buildRules = (
			);
			dependencies = (
				D8F05887251FB3BB005CEB92 /* PBXTargetDependency */,
			);
			name = BCSPCAProjectTests;
			productName = BCSPCAProjectTests;
			productReference = D8F05885251FB3BB005CEB92 /* BCSPCAProjectTests.xctest */;
			productType = "com.apple.product-type.bundle.unit-test";
		};
		D8F0588F251FB3BB005CEB92 /* BCSPCAProjectUITests */ = {
			isa = PBXNativeTarget;
			buildConfigurationList = D8F0589F251FB3BB005CEB92 /* Build configuration list for PBXNativeTarget "BCSPCAProjectUITests" */;
			buildPhases = (
				D8F0588C251FB3BB005CEB92 /* Sources */,
				D8F0588D251FB3BB005CEB92 /* Frameworks */,
				D8F0588E251FB3BB005CEB92 /* Resources */,
			);
			buildRules = (
			);
			dependencies = (
				D8F05892251FB3BB005CEB92 /* PBXTargetDependency */,
			);
			name = BCSPCAProjectUITests;
			productName = BCSPCAProjectUITests;
			productReference = D8F05890251FB3BB005CEB92 /* BCSPCAProjectUITests.xctest */;
			productType = "com.apple.product-type.bundle.ui-testing";
		};
/* End PBXNativeTarget section */

/* Begin PBXProject section */
		D8F05867251FB3BA005CEB92 /* Project object */ = {
			isa = PBXProject;
			attributes = {
				LastSwiftUpdateCheck = 1160;
				LastUpgradeCheck = 1160;
				ORGANIZATIONNAME = "Theodore Lau";
				TargetAttributes = {
					D8F0586E251FB3BA005CEB92 = {
						CreatedOnToolsVersion = 11.6;
					};
					D8F05884251FB3BB005CEB92 = {
						CreatedOnToolsVersion = 11.6;
						TestTargetID = D8F0586E251FB3BA005CEB92;
					};
					D8F0588F251FB3BB005CEB92 = {
						CreatedOnToolsVersion = 11.6;
						TestTargetID = D8F0586E251FB3BA005CEB92;
					};
				};
			};
			buildConfigurationList = D8F0586A251FB3BA005CEB92 /* Build configuration list for PBXProject "BCSPCAProject" */;
			compatibilityVersion = "Xcode 9.3";
			developmentRegion = en;
			hasScannedForEncodings = 0;
			knownRegions = (
				en,
				Base,
			);
			mainGroup = D8F05866251FB3BA005CEB92;
			productRefGroup = D8F05870251FB3BA005CEB92 /* Products */;
			projectDirPath = "";
			projectRoot = "";
			targets = (
				D8F0586E251FB3BA005CEB92 /* BCSPCAProject */,
				D8F05884251FB3BB005CEB92 /* BCSPCAProjectTests */,
				D8F0588F251FB3BB005CEB92 /* BCSPCAProjectUITests */,
			);
		};
/* End PBXProject section */

/* Begin PBXResourcesBuildPhase section */
		D8F0586D251FB3BA005CEB92 /* Resources */ = {
			isa = PBXResourcesBuildPhase;
			buildActionMask = 2147483647;
			files = (
				D8F0587F251FB3BB005CEB92 /* LaunchScreen.storyboard in Resources */,
				D8F0587C251FB3BB005CEB92 /* Preview Assets.xcassets in Resources */,
				D8F05879251FB3BB005CEB92 /* Assets.xcassets in Resources */,
			);
			runOnlyForDeploymentPostprocessing = 0;
		};
		D8F05883251FB3BB005CEB92 /* Resources */ = {
			isa = PBXResourcesBuildPhase;
			buildActionMask = 2147483647;
			files = (
			);
			runOnlyForDeploymentPostprocessing = 0;
		};
		D8F0588E251FB3BB005CEB92 /* Resources */ = {
			isa = PBXResourcesBuildPhase;
			buildActionMask = 2147483647;
			files = (
			);
			runOnlyForDeploymentPostprocessing = 0;
		};
/* End PBXResourcesBuildPhase section */

/* Begin PBXSourcesBuildPhase section */
		D8F0586B251FB3BA005CEB92 /* Sources */ = {
			isa = PBXSourcesBuildPhase;
			buildActionMask = 2147483647;
			files = (
				960F6836251FBB7B007822AD /* MainViewController.swift in Sources */,
				D8F05873251FB3BA005CEB92 /* AppDelegate.swift in Sources */,
				D8F058A7251FC22E005CEB92 /* HomeView.swift in Sources */,
				96EE440525202A220040F4F8 /* RegisterView.swift in Sources */,
				D8F058A9251FDDD3005CEB92 /* Tabs.swift in Sources */,
				D8F05875251FB3BA005CEB92 /* SceneDelegate.swift in Sources */,
			);
			runOnlyForDeploymentPostprocessing = 0;
		};
		D8F05881251FB3BB005CEB92 /* Sources */ = {
			isa = PBXSourcesBuildPhase;
			buildActionMask = 2147483647;
			files = (
				D8F0588A251FB3BB005CEB92 /* BCSPCAProjectTests.swift in Sources */,
			);
			runOnlyForDeploymentPostprocessing = 0;
		};
		D8F0588C251FB3BB005CEB92 /* Sources */ = {
			isa = PBXSourcesBuildPhase;
			buildActionMask = 2147483647;
			files = (
				D8F05895251FB3BB005CEB92 /* BCSPCAProjectUITests.swift in Sources */,
			);
			runOnlyForDeploymentPostprocessing = 0;
		};
/* End PBXSourcesBuildPhase section */

/* Begin PBXTargetDependency section */
		D8F05887251FB3BB005CEB92 /* PBXTargetDependency */ = {
			isa = PBXTargetDependency;
			target = D8F0586E251FB3BA005CEB92 /* BCSPCAProject */;
			targetProxy = D8F05886251FB3BB005CEB92 /* PBXContainerItemProxy */;
		};
		D8F05892251FB3BB005CEB92 /* PBXTargetDependency */ = {
			isa = PBXTargetDependency;
			target = D8F0586E251FB3BA005CEB92 /* BCSPCAProject */;
			targetProxy = D8F05891251FB3BB005CEB92 /* PBXContainerItemProxy */;
		};
/* End PBXTargetDependency section */

/* Begin PBXVariantGroup section */
		D8F0587D251FB3BB005CEB92 /* LaunchScreen.storyboard */ = {
			isa = PBXVariantGroup;
			children = (
				D8F0587E251FB3BB005CEB92 /* Base */,
			);
			name = LaunchScreen.storyboard;
			sourceTree = "<group>";
		};
/* End PBXVariantGroup section */

/* Begin XCBuildConfiguration section */
		D8F05897251FB3BB005CEB92 /* Debug */ = {
			isa = XCBuildConfiguration;
			buildSettings = {
				ALWAYS_SEARCH_USER_PATHS = NO;
				CLANG_ANALYZER_NONNULL = YES;
				CLANG_ANALYZER_NUMBER_OBJECT_CONVERSION = YES_AGGRESSIVE;
				CLANG_CXX_LANGUAGE_STANDARD = "gnu++14";
				CLANG_CXX_LIBRARY = "libc++";
				CLANG_ENABLE_MODULES = YES;
				CLANG_ENABLE_OBJC_ARC = YES;
				CLANG_ENABLE_OBJC_WEAK = YES;
				CLANG_WARN_BLOCK_CAPTURE_AUTORELEASING = YES;
				CLANG_WARN_BOOL_CONVERSION = YES;
				CLANG_WARN_COMMA = YES;
				CLANG_WARN_CONSTANT_CONVERSION = YES;
				CLANG_WARN_DEPRECATED_OBJC_IMPLEMENTATIONS = YES;
				CLANG_WARN_DIRECT_OBJC_ISA_USAGE = YES_ERROR;
				CLANG_WARN_DOCUMENTATION_COMMENTS = YES;
				CLANG_WARN_EMPTY_BODY = YES;
				CLANG_WARN_ENUM_CONVERSION = YES;
				CLANG_WARN_INFINITE_RECURSION = YES;
				CLANG_WARN_INT_CONVERSION = YES;
				CLANG_WARN_NON_LITERAL_NULL_CONVERSION = YES;
				CLANG_WARN_OBJC_IMPLICIT_RETAIN_SELF = YES;
				CLANG_WARN_OBJC_LITERAL_CONVERSION = YES;
				CLANG_WARN_OBJC_ROOT_CLASS = YES_ERROR;
				CLANG_WARN_RANGE_LOOP_ANALYSIS = YES;
				CLANG_WARN_STRICT_PROTOTYPES = YES;
				CLANG_WARN_SUSPICIOUS_MOVE = YES;
				CLANG_WARN_UNGUARDED_AVAILABILITY = YES_AGGRESSIVE;
				CLANG_WARN_UNREACHABLE_CODE = YES;
				CLANG_WARN__DUPLICATE_METHOD_MATCH = YES;
				COPY_PHASE_STRIP = NO;
				DEBUG_INFORMATION_FORMAT = dwarf;
				ENABLE_STRICT_OBJC_MSGSEND = YES;
				ENABLE_TESTABILITY = YES;
				GCC_C_LANGUAGE_STANDARD = gnu11;
				GCC_DYNAMIC_NO_PIC = NO;
				GCC_NO_COMMON_BLOCKS = YES;
				GCC_OPTIMIZATION_LEVEL = 0;
				GCC_PREPROCESSOR_DEFINITIONS = (
					"DEBUG=1",
					"$(inherited)",
				);
				GCC_WARN_64_TO_32_BIT_CONVERSION = YES;
				GCC_WARN_ABOUT_RETURN_TYPE = YES_ERROR;
				GCC_WARN_UNDECLARED_SELECTOR = YES;
				GCC_WARN_UNINITIALIZED_AUTOS = YES_AGGRESSIVE;
				GCC_WARN_UNUSED_FUNCTION = YES;
				GCC_WARN_UNUSED_VARIABLE = YES;
				IPHONEOS_DEPLOYMENT_TARGET = 13.6;
				MTL_ENABLE_DEBUG_INFO = INCLUDE_SOURCE;
				MTL_FAST_MATH = YES;
				ONLY_ACTIVE_ARCH = YES;
				SDKROOT = iphoneos;
				SWIFT_ACTIVE_COMPILATION_CONDITIONS = DEBUG;
				SWIFT_OPTIMIZATION_LEVEL = "-Onone";
			};
			name = Debug;
		};
		D8F05898251FB3BB005CEB92 /* Release */ = {
			isa = XCBuildConfiguration;
			buildSettings = {
				ALWAYS_SEARCH_USER_PATHS = NO;
				CLANG_ANALYZER_NONNULL = YES;
				CLANG_ANALYZER_NUMBER_OBJECT_CONVERSION = YES_AGGRESSIVE;
				CLANG_CXX_LANGUAGE_STANDARD = "gnu++14";
				CLANG_CXX_LIBRARY = "libc++";
				CLANG_ENABLE_MODULES = YES;
				CLANG_ENABLE_OBJC_ARC = YES;
				CLANG_ENABLE_OBJC_WEAK = YES;
				CLANG_WARN_BLOCK_CAPTURE_AUTORELEASING = YES;
				CLANG_WARN_BOOL_CONVERSION = YES;
				CLANG_WARN_COMMA = YES;
				CLANG_WARN_CONSTANT_CONVERSION = YES;
				CLANG_WARN_DEPRECATED_OBJC_IMPLEMENTATIONS = YES;
				CLANG_WARN_DIRECT_OBJC_ISA_USAGE = YES_ERROR;
				CLANG_WARN_DOCUMENTATION_COMMENTS = YES;
				CLANG_WARN_EMPTY_BODY = YES;
				CLANG_WARN_ENUM_CONVERSION = YES;
				CLANG_WARN_INFINITE_RECURSION = YES;
				CLANG_WARN_INT_CONVERSION = YES;
				CLANG_WARN_NON_LITERAL_NULL_CONVERSION = YES;
				CLANG_WARN_OBJC_IMPLICIT_RETAIN_SELF = YES;
				CLANG_WARN_OBJC_LITERAL_CONVERSION = YES;
				CLANG_WARN_OBJC_ROOT_CLASS = YES_ERROR;
				CLANG_WARN_RANGE_LOOP_ANALYSIS = YES;
				CLANG_WARN_STRICT_PROTOTYPES = YES;
				CLANG_WARN_SUSPICIOUS_MOVE = YES;
				CLANG_WARN_UNGUARDED_AVAILABILITY = YES_AGGRESSIVE;
				CLANG_WARN_UNREACHABLE_CODE = YES;
				CLANG_WARN__DUPLICATE_METHOD_MATCH = YES;
				COPY_PHASE_STRIP = NO;
				DEBUG_INFORMATION_FORMAT = "dwarf-with-dsym";
				ENABLE_NS_ASSERTIONS = NO;
				ENABLE_STRICT_OBJC_MSGSEND = YES;
				GCC_C_LANGUAGE_STANDARD = gnu11;
				GCC_NO_COMMON_BLOCKS = YES;
				GCC_WARN_64_TO_32_BIT_CONVERSION = YES;
				GCC_WARN_ABOUT_RETURN_TYPE = YES_ERROR;
				GCC_WARN_UNDECLARED_SELECTOR = YES;
				GCC_WARN_UNINITIALIZED_AUTOS = YES_AGGRESSIVE;
				GCC_WARN_UNUSED_FUNCTION = YES;
				GCC_WARN_UNUSED_VARIABLE = YES;
				IPHONEOS_DEPLOYMENT_TARGET = 13.6;
				MTL_ENABLE_DEBUG_INFO = NO;
				MTL_FAST_MATH = YES;
				SDKROOT = iphoneos;
				SWIFT_COMPILATION_MODE = wholemodule;
				SWIFT_OPTIMIZATION_LEVEL = "-O";
				VALIDATE_PRODUCT = YES;
			};
			name = Release;
		};
		D8F0589A251FB3BB005CEB92 /* Debug */ = {
			isa = XCBuildConfiguration;
			buildSettings = {
				ASSETCATALOG_COMPILER_APPICON_NAME = AppIcon;
				CODE_SIGN_STYLE = Automatic;
				DEVELOPMENT_ASSET_PATHS = "\"BCSPCAProject/Preview Content\"";
				ENABLE_PREVIEWS = YES;
				INFOPLIST_FILE = BCSPCAProject/Info.plist;
				LD_RUNPATH_SEARCH_PATHS = (
					"$(inherited)",
					"@executable_path/Frameworks",
				);
				PRODUCT_BUNDLE_IDENTIFIER = BCSPCA.BCSPCAProject;
				PRODUCT_NAME = "$(TARGET_NAME)";
				SWIFT_VERSION = 5.0;
				TARGETED_DEVICE_FAMILY = "1,2";
			};
			name = Debug;
		};
		D8F0589B251FB3BB005CEB92 /* Release */ = {
			isa = XCBuildConfiguration;
			buildSettings = {
				ASSETCATALOG_COMPILER_APPICON_NAME = AppIcon;
				CODE_SIGN_STYLE = Automatic;
				DEVELOPMENT_ASSET_PATHS = "\"BCSPCAProject/Preview Content\"";
				ENABLE_PREVIEWS = YES;
				INFOPLIST_FILE = BCSPCAProject/Info.plist;
				LD_RUNPATH_SEARCH_PATHS = (
					"$(inherited)",
					"@executable_path/Frameworks",
				);
				PRODUCT_BUNDLE_IDENTIFIER = BCSPCA.BCSPCAProject;
				PRODUCT_NAME = "$(TARGET_NAME)";
				SWIFT_VERSION = 5.0;
				TARGETED_DEVICE_FAMILY = "1,2";
			};
			name = Release;
		};
		D8F0589D251FB3BB005CEB92 /* Debug */ = {
			isa = XCBuildConfiguration;
			buildSettings = {
				ALWAYS_EMBED_SWIFT_STANDARD_LIBRARIES = YES;
				BUNDLE_LOADER = "$(TEST_HOST)";
				CODE_SIGN_STYLE = Automatic;
				INFOPLIST_FILE = BCSPCAProjectTests/Info.plist;
				IPHONEOS_DEPLOYMENT_TARGET = 13.6;
				LD_RUNPATH_SEARCH_PATHS = (
					"$(inherited)",
					"@executable_path/Frameworks",
					"@loader_path/Frameworks",
				);
				PRODUCT_BUNDLE_IDENTIFIER = BCSPCA.BCSPCAProjectTests;
				PRODUCT_NAME = "$(TARGET_NAME)";
				SWIFT_VERSION = 5.0;
				TARGETED_DEVICE_FAMILY = "1,2";
				TEST_HOST = "$(BUILT_PRODUCTS_DIR)/BCSPCAProject.app/BCSPCAProject";
			};
			name = Debug;
		};
		D8F0589E251FB3BB005CEB92 /* Release */ = {
			isa = XCBuildConfiguration;
			buildSettings = {
				ALWAYS_EMBED_SWIFT_STANDARD_LIBRARIES = YES;
				BUNDLE_LOADER = "$(TEST_HOST)";
				CODE_SIGN_STYLE = Automatic;
				INFOPLIST_FILE = BCSPCAProjectTests/Info.plist;
				IPHONEOS_DEPLOYMENT_TARGET = 13.6;
				LD_RUNPATH_SEARCH_PATHS = (
					"$(inherited)",
					"@executable_path/Frameworks",
					"@loader_path/Frameworks",
				);
				PRODUCT_BUNDLE_IDENTIFIER = BCSPCA.BCSPCAProjectTests;
				PRODUCT_NAME = "$(TARGET_NAME)";
				SWIFT_VERSION = 5.0;
				TARGETED_DEVICE_FAMILY = "1,2";
				TEST_HOST = "$(BUILT_PRODUCTS_DIR)/BCSPCAProject.app/BCSPCAProject";
			};
			name = Release;
		};
		D8F058A0251FB3BB005CEB92 /* Debug */ = {
			isa = XCBuildConfiguration;
			buildSettings = {
				ALWAYS_EMBED_SWIFT_STANDARD_LIBRARIES = YES;
				CODE_SIGN_STYLE = Automatic;
				INFOPLIST_FILE = BCSPCAProjectUITests/Info.plist;
				LD_RUNPATH_SEARCH_PATHS = (
					"$(inherited)",
					"@executable_path/Frameworks",
					"@loader_path/Frameworks",
				);
				PRODUCT_BUNDLE_IDENTIFIER = BCSPCA.BCSPCAProjectUITests;
				PRODUCT_NAME = "$(TARGET_NAME)";
				SWIFT_VERSION = 5.0;
				TARGETED_DEVICE_FAMILY = "1,2";
				TEST_TARGET_NAME = BCSPCAProject;
			};
			name = Debug;
		};
		D8F058A1251FB3BB005CEB92 /* Release */ = {
			isa = XCBuildConfiguration;
			buildSettings = {
				ALWAYS_EMBED_SWIFT_STANDARD_LIBRARIES = YES;
				CODE_SIGN_STYLE = Automatic;
				INFOPLIST_FILE = BCSPCAProjectUITests/Info.plist;
				LD_RUNPATH_SEARCH_PATHS = (
					"$(inherited)",
					"@executable_path/Frameworks",
					"@loader_path/Frameworks",
				);
				PRODUCT_BUNDLE_IDENTIFIER = BCSPCA.BCSPCAProjectUITests;
				PRODUCT_NAME = "$(TARGET_NAME)";
				SWIFT_VERSION = 5.0;
				TARGETED_DEVICE_FAMILY = "1,2";
				TEST_TARGET_NAME = BCSPCAProject;
			};
			name = Release;
		};
/* End XCBuildConfiguration section */

/* Begin XCConfigurationList section */
		D8F0586A251FB3BA005CEB92 /* Build configuration list for PBXProject "BCSPCAProject" */ = {
			isa = XCConfigurationList;
			buildConfigurations = (
				D8F05897251FB3BB005CEB92 /* Debug */,
				D8F05898251FB3BB005CEB92 /* Release */,
			);
			defaultConfigurationIsVisible = 0;
			defaultConfigurationName = Release;
		};
		D8F05899251FB3BB005CEB92 /* Build configuration list for PBXNativeTarget "BCSPCAProject" */ = {
			isa = XCConfigurationList;
			buildConfigurations = (
				D8F0589A251FB3BB005CEB92 /* Debug */,
				D8F0589B251FB3BB005CEB92 /* Release */,
			);
			defaultConfigurationIsVisible = 0;
			defaultConfigurationName = Release;
		};
		D8F0589C251FB3BB005CEB92 /* Build configuration list for PBXNativeTarget "BCSPCAProjectTests" */ = {
			isa = XCConfigurationList;
			buildConfigurations = (
				D8F0589D251FB3BB005CEB92 /* Debug */,
				D8F0589E251FB3BB005CEB92 /* Release */,
			);
			defaultConfigurationIsVisible = 0;
			defaultConfigurationName = Release;
		};
		D8F0589F251FB3BB005CEB92 /* Build configuration list for PBXNativeTarget "BCSPCAProjectUITests" */ = {
			isa = XCConfigurationList;
			buildConfigurations = (
				D8F058A0251FB3BB005CEB92 /* Debug */,
				D8F058A1251FB3BB005CEB92 /* Release */,
			);
			defaultConfigurationIsVisible = 0;
			defaultConfigurationName = Release;
		};
/* End XCConfigurationList section */
	};
	rootObject = D8F05867251FB3BA005CEB92 /* Project object */;
}
